
Microsoft Visual Studio Solution File, Format Version 12.00
# Visual Studio Version 17
VisualStudioVersion = 17.9.34723.18
MinimumVisualStudioVersion = 10.0.40219.1
Project("{FAE04EC0-301F-11D3-BF4B-00C04F79EFBC}") = "1111410010_辜懷居031", "1111410010_辜懷居031\1111410010_辜懷居031.csproj", "{542E1762-08CD-4E75-9A93-4FC4254C6D7B}"
EndProject
Global
	GlobalSection(SolutionConfigurationPlatforms) = preSolution
		Debug|Any CPU = Debug|Any CPU
		Release|Any CPU = Release|Any CPU
	EndGlobalSection
	GlobalSection(ProjectConfigurationPlatforms) = postSolution
		{542E1762-08CD-4E75-9A93-4FC4254C6D7B}.Debug|Any CPU.ActiveCfg = Debug|Any CPU
		{542E1762-08CD-4E75-9A93-4FC4254C6D7B}.Debug|Any CPU.Build.0 = Debug|Any CPU
		{542E1762-08CD-4E75-9A93-4FC4254C6D7B}.Release|Any CPU.ActiveCfg = Release|Any CPU
		{542E1762-08CD-4E75-9A93-4FC4254C6D7B}.Release|Any CPU.Build.0 = Release|Any CPU
	EndGlobalSection
	GlobalSection(SolutionProperties) = preSolution
		HideSolutionNode = FALSE
	EndGlobalSection
	GlobalSection(ExtensibilityGlobals) = postSolution
		SolutionGuid = {1DE9E0D6-EAC9-4D45-9A07-19D3A8FA9AD1}
	EndGlobalSection
EndGlobal
